// !$*UTF8*$!
{
	archiveVersion = 1;
	classes = {
	};
	objectVersion = 50;
	objects = {

/* Begin PBXBuildFile section */
		4251957F2408FBEF00C3A47E /* AppDelegate.swift in Sources */ = {isa = PBXBuildFile; fileRef = 4251957E2408FBEF00C3A47E /* AppDelegate.swift */; };
		425195812408FBEF00C3A47E /* SceneDelegate.swift in Sources */ = {isa = PBXBuildFile; fileRef = 425195802408FBEF00C3A47E /* SceneDelegate.swift */; };
		425195832408FBEF00C3A47E /* ViewController.swift in Sources */ = {isa = PBXBuildFile; fileRef = 425195822408FBEF00C3A47E /* ViewController.swift */; };
		425195862408FBEF00C3A47E /* Main.storyboard in Resources */ = {isa = PBXBuildFile; fileRef = 425195842408FBEF00C3A47E /* Main.storyboard */; };
		425195882408FBF200C3A47E /* Assets.xcassets in Resources */ = {isa = PBXBuildFile; fileRef = 425195872408FBF200C3A47E /* Assets.xcassets */; };
		4251958B2408FBF200C3A47E /* LaunchScreen.storyboard in Resources */ = {isa = PBXBuildFile; fileRef = 425195892408FBF200C3A47E /* LaunchScreen.storyboard */; };
		425195942408FC5D00C3A47E /* Storage.swift in Sources */ = {isa = PBXBuildFile; fileRef = 425195932408FC5D00C3A47E /* Storage.swift */; };
/* End PBXBuildFile section */

/* Begin PBXFileReference section */
		4251957B2408FBEF00C3A47E /* ListToFile.app */ = {isa = PBXFileReference; explicitFileType = wrapper.application; includeInIndex = 0; path = ListToFile.app; sourceTree = BUILT_PRODUCTS_DIR; };
		4251957E2408FBEF00C3A47E /* AppDelegate.swift */ = {isa = PBXFileReference; lastKnownFileType = sourcecode.swift; path = AppDelegate.swift; sourceTree = "<group>"; };
		425195802408FBEF00C3A47E /* SceneDelegate.swift */ = {isa = PBXFileReference; lastKnownFileType = sourcecode.swift; path = SceneDelegate.swift; sourceTree = "<group>"; };
		425195822408FBEF00C3A47E /* ViewController.swift */ = {isa = PBXFileReference; lastKnownFileType = sourcecode.swift; path = ViewController.swift; sourceTree = "<group>"; };
		425195852408FBEF00C3A47E /* Base */ = {isa = PBXFileReference; lastKnownFileType = file.storyboard; name = Base; path = Base.lproj/Main.storyboard; sourceTree = "<group>"; };
		425195872408FBF200C3A47E /* Assets.xcassets */ = {isa = PBXFileReference; lastKnownFileType = folder.assetcatalog; path = Assets.xcassets; sourceTree = "<group>"; };
		4251958A2408FBF200C3A47E /* Base */ = {isa = PBXFileReference; lastKnownFileType = file.storyboard; name = Base; path = Base.lproj/LaunchScreen.storyboard; sourceTree = "<group>"; };
		4251958C2408FBF200C3A47E /* Info.plist */ = {isa = PBXFileReference; lastKnownFileType = text.plist.xml; path = Info.plist; sourceTree = "<group>"; };
		425195932408FC5D00C3A47E /* Storage.swift */ = {isa = PBXFileReference; lastKnownFileType = sourcecode.swift; path = Storage.swift; sourceTree = "<group>"; };
/* End PBXFileReference section */

/* Begin PBXFrameworksBuildPhase section */
		425195782408FBEF00C3A47E /* Frameworks */ = {
			isa = PBXFrameworksBuildPhase;
			buildActionMask = 2147483647;
			files = (
			);
			runOnlyForDeploymentPostprocessing = 0;
		};
/* End PBXFrameworksBuildPhase section */

/* Begin PBXGroup section */
		425195722408FBEF00C3A47E = {
			isa = PBXGroup;
			children = (
				4251957D2408FBEF00C3A47E /* ListToFile */,
				4251957C2408FBEF00C3A47E /* Products */,
			);
			sourceTree = "<group>";
		};
		4251957C2408FBEF00C3A47E /* Products */ = {
			isa = PBXGroup;
			children = (
				4251957B2408FBEF00C3A47E /* ListToFile.app */,
			);
			name = Products;
			sourceTree = "<group>";
		};
		4251957D2408FBEF00C3A47E /* ListToFile */ = {
			isa = PBXGroup;
			children = (
				425195922408FC5000C3A47E /* Storage */,
				4251957E2408FBEF00C3A47E /* AppDelegate.swift */,
				425195802408FBEF00C3A47E /* SceneDelegate.swift */,
				425195822408FBEF00C3A47E /* ViewController.swift */,
				425195842408FBEF00C3A47E /* Main.storyboard */,
				425195872408FBF200C3A47E /* Assets.xcassets */,
				425195892408FBF200C3A47E /* LaunchScreen.storyboard */,
				4251958C2408FBF200C3A47E /* Info.plist */,
			);
			path = ListToFile;
			sourceTree = "<group>";
		};
		425195922408FC5000C3A47E /* Storage */ = {
			isa = PBXGroup;
			children = (
				425195932408FC5D00C3A47E /* Storage.swift */,
			);
			path = Storage;
			sourceTree = "<group>";
		};
/* End PBXGroup section */

/* Begin PBXNativeTarget section */
		4251957A2408FBEF00C3A47E /* ListToFile */ = {
			isa = PBXNativeTarget;
			buildConfigurationList = 4251958F2408FBF200C3A47E /* Build configuration list for PBXNativeTarget "ListToFile" */;
			buildPhases = (
				425195772408FBEF00C3A47E /* Sources */,
				425195782408FBEF00C3A47E /* Frameworks */,
				425195792408FBEF00C3A47E /* Resources */,
			);
			buildRules = (
			);
			dependencies = (
			);
			name = ListToFile;
			productName = ListToFile;
			productReference = 4251957B2408FBEF00C3A47E /* ListToFile.app */;
			productType = "com.apple.product-type.application";
		};
/* End PBXNativeTarget section */

/* Begin PBXProject section */
		425195732408FBEF00C3A47E /* Project object */ = {
			isa = PBXProject;
			attributes = {
				LastSwiftUpdateCheck = 1130;
				LastUpgradeCheck = 1130;
				ORGANIZATIONNAME = "Yewon Seo";
				TargetAttributes = {
					4251957A2408FBEF00C3A47E = {
						CreatedOnToolsVersion = 11.3.1;
					};
				};
			};
			buildConfigurationList = 425195762408FBEF00C3A47E /* Build configuration list for PBXProject "ListToFile" */;
			compatibilityVersion = "Xcode 9.3";
			developmentRegion = en;
			hasScannedForEncodings = 0;
			knownRegions = (
				en,
				Base,
			);
			mainGroup = 425195722408FBEF00C3A47E;
			productRefGroup = 4251957C2408FBEF00C3A47E /* Products */;
			projectDirPath = "";
			projectRoot = "";
			targets = (
				4251957A2408FBEF00C3A47E /* ListToFile */,
			);
		};
/* End PBXProject section */

/* Begin PBXResourcesBuildPhase section */
		425195792408FBEF00C3A47E /* Resources */ = {
			isa = PBXResourcesBuildPhase;
			buildActionMask = 2147483647;
			files = (
				4251958B2408FBF200C3A47E /* LaunchScreen.storyboard in Resources */,
				425195882408FBF200C3A47E /* Assets.xcassets in Resources */,
				425195862408FBEF00C3A47E /* Main.storyboard in Resources */,
			);
			runOnlyForDeploymentPostprocessing = 0;
		};
/* End PBXResourcesBuildPhase section */

/* Begin PBXSourcesBuildPhase section */
		425195772408FBEF00C3A47E /* Sources */ = {
			isa = PBXSourcesBuildPhase;
			buildActionMask = 2147483647;
			files = (
				425195832408FBEF00C3A47E /* ViewController.swift in Sources */,
				425195942408FC5D00C3A47E /* Storage.swift in Sources */,
				4251957F2408FBEF00C3A47E /* AppDelegate.swift in Sources */,
				425195812408FBEF00C3A47E /* SceneDelegate.swift in Sources */,
			);
			runOnlyForDeploymentPostprocessing = 0;
		};
/* End PBXSourcesBuildPhase section */

/* Begin PBXVariantGroup section */
		425195842408FBEF00C3A47E /* Main.storyboard */ = {
			isa = PBXVariantGroup;
			children = (
				425195852408FBEF00C3A47E /* Base */,
			);
			name = Main.storyboard;
			sourceTree = "<group>";
		};
		425195892408FBF200C3A47E /* LaunchScreen.storyboard */ = {
			isa = PBXVariantGroup;
			children = (
				4251958A2408FBF200C3A47E /* Base */,
			);
			name = LaunchScreen.storyboard;
			sourceTree = "<group>";
		};
/* End PBXVariantGroup section */

/* Begin XCBuildConfiguration section */
		4251958D2408FBF200C3A47E /* Debug */ = {
			isa = XCBuildConfiguration;
			buildSettings = {
				ALWAYS_SEARCH_USER_PATHS = NO;
				CLANG_ANALYZER_NONNULL = YES;
				CLANG_ANALYZER_NUMBER_OBJECT_CONVERSION = YES_AGGRESSIVE;
				CLANG_CXX_LANGUAGE_STANDARD = "gnu++14";
				CLANG_CXX_LIBRARY = "libc++";
				CLANG_ENABLE_MODULES = YES;
				CLANG_ENABLE_OBJC_ARC = YES;
				CLANG_ENABLE_OBJC_WEAK = YES;
				CLANG_WARN_BLOCK_CAPTURE_AUTORELEASING = YES;
				CLANG_WARN_BOOL_CONVERSION = YES;
				CLANG_WARN_COMMA = YES;
				CLANG_WARN_CONSTANT_CONVERSION = YES;
				CLANG_WARN_DEPRECATED_OBJC_IMPLEMENTATIONS = YES;
				CLANG_WARN_DIRECT_OBJC_ISA_USAGE = YES_ERROR;
				CLANG_WARN_DOCUMENTATION_COMMENTS = YES;
				CLANG_WARN_EMPTY_BODY = YES;
				CLANG_WARN_ENUM_CONVERSION = YES;
				CLANG_WARN_INFINITE_RECURSION = YES;
				CLANG_WARN_INT_CONVERSION = YES;
				CLANG_WARN_NON_LITERAL_NULL_CONVERSION = YES;
				CLANG_WARN_OBJC_IMPLICIT_RETAIN_SELF = YES;
				CLANG_WARN_OBJC_LITERAL_CONVERSION = YES;
				CLANG_WARN_OBJC_ROOT_CLASS = YES_ERROR;
				CLANG_WARN_RANGE_LOOP_ANALYSIS = YES;
				CLANG_WARN_STRICT_PROTOTYPES = YES;
				CLANG_WARN_SUSPICIOUS_MOVE = YES;
				CLANG_WARN_UNGUARDED_AVAILABILITY = YES_AGGRESSIVE;
				CLANG_WARN_UNREACHABLE_CODE = YES;
				CLANG_WARN__DUPLICATE_METHOD_MATCH = YES;
				COPY_PHASE_STRIP = NO;
				DEBUG_INFORMATION_FORMAT = dwarf;
				ENABLE_STRICT_OBJC_MSGSEND = YES;
				ENABLE_TESTABILITY = YES;
				GCC_C_LANGUAGE_STANDARD = gnu11;
				GCC_DYNAMIC_NO_PIC = NO;
				GCC_NO_COMMON_BLOCKS = YES;
				GCC_OPTIMIZATION_LEVEL = 0;
				GCC_PREPROCESSOR_DEFINITIONS = (
					"DEBUG=1",
					"$(inherited)",
				);
				GCC_WARN_64_TO_32_BIT_CONVERSION = YES;
				GCC_WARN_ABOUT_RETURN_TYPE = YES_ERROR;
				GCC_WARN_UNDECLARED_SELECTOR = YES;
				GCC_WARN_UNINITIALIZED_AUTOS = YES_AGGRESSIVE;
				GCC_WARN_UNUSED_FUNCTION = YES;
				GCC_WARN_UNUSED_VARIABLE = YES;
				IPHONEOS_DEPLOYMENT_TARGET = 13.2;
				MTL_ENABLE_DEBUG_INFO = INCLUDE_SOURCE;
				MTL_FAST_MATH = YES;
				ONLY_ACTIVE_ARCH = YES;
				SDKROOT = iphoneos;
				SWIFT_ACTIVE_COMPILATION_CONDITIONS = DEBUG;
				SWIFT_OPTIMIZATION_LEVEL = "-Onone";
			};
			name = Debug;
		};
		4251958E2408FBF200C3A47E /* Release */ = {
			isa = XCBuildConfiguration;
			buildSettings = {
				ALWAYS_SEARCH_USER_PATHS = NO;
				CLANG_ANALYZER_NONNULL = YES;
				CLANG_ANALYZER_NUMBER_OBJECT_CONVERSION = YES_AGGRESSIVE;
				CLANG_CXX_LANGUAGE_STANDARD = "gnu++14";
				CLANG_CXX_LIBRARY = "libc++";
				CLANG_ENABLE_MODULES = YES;
				CLANG_ENABLE_OBJC_ARC = YES;
				CLANG_ENABLE_OBJC_WEAK = YES;
				CLANG_WARN_BLOCK_CAPTURE_AUTORELEASING = YES;
				CLANG_WARN_BOOL_CONVERSION = YES;
				CLANG_WARN_COMMA = YES;
				CLANG_WARN_CONSTANT_CONVERSION = YES;
				CLANG_WARN_DEPRECATED_OBJC_IMPLEMENTATIONS = YES;
				CLANG_WARN_DIRECT_OBJC_ISA_USAGE = YES_ERROR;
				CLANG_WARN_DOCUMENTATION_COMMENTS = YES;
				CLANG_WARN_EMPTY_BODY = YES;
				CLANG_WARN_ENUM_CONVERSION = YES;
				CLANG_WARN_INFINITE_RECURSION = YES;
				CLANG_WARN_INT_CONVERSION = YES;
				CLANG_WARN_NON_LITERAL_NULL_CONVERSION = YES;
				CLANG_WARN_OBJC_IMPLICIT_RETAIN_SELF = YES;
				CLANG_WARN_OBJC_LITERAL_CONVERSION = YES;
				CLANG_WARN_OBJC_ROOT_CLASS = YES_ERROR;
				CLANG_WARN_RANGE_LOOP_ANALYSIS = YES;
				CLANG_WARN_STRICT_PROTOTYPES = YES;
				CLANG_WARN_SUSPICIOUS_MOVE = YES;
				CLANG_WARN_UNGUARDED_AVAILABILITY = YES_AGGRESSIVE;
				CLANG_WARN_UNREACHABLE_CODE = YES;
				CLANG_WARN__DUPLICATE_METHOD_MATCH = YES;
				COPY_PHASE_STRIP = NO;
				DEBUG_INFORMATION_FORMAT = "dwarf-with-dsym";
				ENABLE_NS_ASSERTIONS = NO;
				ENABLE_STRICT_OBJC_MSGSEND = YES;
				GCC_C_LANGUAGE_STANDARD = gnu11;
				GCC_NO_COMMON_BLOCKS = YES;
				GCC_WARN_64_TO_32_BIT_CONVERSION = YES;
				GCC_WARN_ABOUT_RETURN_TYPE = YES_ERROR;
				GCC_WARN_UNDECLARED_SELECTOR = YES;
				GCC_WARN_UNINITIALIZED_AUTOS = YES_AGGRESSIVE;
				GCC_WARN_UNUSED_FUNCTION = YES;
				GCC_WARN_UNUSED_VARIABLE = YES;
				IPHONEOS_DEPLOYMENT_TARGET = 13.2;
				MTL_ENABLE_DEBUG_INFO = NO;
				MTL_FAST_MATH = YES;
				SDKROOT = iphoneos;
				SWIFT_COMPILATION_MODE = wholemodule;
				SWIFT_OPTIMIZATION_LEVEL = "-O";
				VALIDATE_PRODUCT = YES;
			};
			name = Release;
		};
		425195902408FBF200C3A47E /* Debug */ = {
			isa = XCBuildConfiguration;
			buildSettings = {
				ASSETCATALOG_COMPILER_APPICON_NAME = AppIcon;
				CODE_SIGN_STYLE = Automatic;
				INFOPLIST_FILE = ListToFile/Info.plist;
				LD_RUNPATH_SEARCH_PATHS = (
					"$(inherited)",
					"@executable_path/Frameworks",
				);
				PRODUCT_BUNDLE_IDENTIFIER = YewonS.ListToFile;
				PRODUCT_NAME = "$(TARGET_NAME)";
				SWIFT_VERSION = 5.0;
				TARGETED_DEVICE_FAMILY = "1,2";
			};
			name = Debug;
		};
		425195912408FBF200C3A47E /* Release */ = {
			isa = XCBuildConfiguration;
			buildSettings = {
				ASSETCATALOG_COMPILER_APPICON_NAME = AppIcon;
				CODE_SIGN_STYLE = Automatic;
				INFOPLIST_FILE = ListToFile/Info.plist;
				LD_RUNPATH_SEARCH_PATHS = (
					"$(inherited)",
					"@executable_path/Frameworks",
				);
				PRODUCT_BUNDLE_IDENTIFIER = YewonS.ListToFile;
				PRODUCT_NAME = "$(TARGET_NAME)";
				SWIFT_VERSION = 5.0;
				TARGETED_DEVICE_FAMILY = "1,2";
			};
			name = Release;
		};
/* End XCBuildConfiguration section */

/* Begin XCConfigurationList section */
		425195762408FBEF00C3A47E /* Build configuration list for PBXProject "ListToFile" */ = {
			isa = XCConfigurationList;
			buildConfigurations = (
				4251958D2408FBF200C3A47E /* Debug */,
				4251958E2408FBF200C3A47E /* Release */,
			);
			defaultConfigurationIsVisible = 0;
			defaultConfigurationName = Release;
		};
		4251958F2408FBF200C3A47E /* Build configuration list for PBXNativeTarget "ListToFile" */ = {
			isa = XCConfigurationList;
			buildConfigurations = (
				425195902408FBF200C3A47E /* Debug */,
				425195912408FBF200C3A47E /* Release */,
			);
			defaultConfigurationIsVisible = 0;
			defaultConfigurationName = Release;
		};
/* End XCConfigurationList section */
	};
	rootObject = 425195732408FBEF00C3A47E /* Project object */;
}
